
Microsoft Visual Studio Solution File, Format Version 12.00
# Visual Studio Version 16
VisualStudioVersion = 16.0.32602.291
MinimumVisualStudioVersion = 10.0.40219.1
Project("{FAE04EC0-301F-11D3-BF4B-00C04F79EFBC}") = "Lesson2W2(1)", "Lesson2W2(1)\Lesson2W2(1).csproj", "{5DEF73D8-A2C1-49B5-9490-CE725858D59F}"
EndProject
Global
	GlobalSection(SolutionConfigurationPlatforms) = preSolution
		Debug|Any CPU = Debug|Any CPU
		Release|Any CPU = Release|Any CPU
	EndGlobalSection
	GlobalSection(ProjectConfigurationPlatforms) = postSolution
		{5DEF73D8-A2C1-49B5-9490-CE725858D59F}.Debug|Any CPU.ActiveCfg = Debug|Any CPU
		{5DEF73D8-A2C1-49B5-9490-CE725858D59F}.Debug|Any CPU.Build.0 = Debug|Any CPU
		{5DEF73D8-A2C1-49B5-9490-CE725858D59F}.Release|Any CPU.ActiveCfg = Release|Any CPU
		{5DEF73D8-A2C1-49B5-9490-CE725858D59F}.Release|Any CPU.Build.0 = Release|Any CPU
	EndGlobalSection
	GlobalSection(SolutionProperties) = preSolution
		HideSolutionNode = FALSE
	EndGlobalSection
	GlobalSection(ExtensibilityGlobals) = postSolution
		SolutionGuid = {7C6DC1AB-6C4B-4424-B280-96CB38828801}
	EndGlobalSection
EndGlobal
